
Microsoft Visual Studio Solution File, Format Version 12.00
# Visual Studio Version 17
VisualStudioVersion = 17.12.35527.113
MinimumVisualStudioVersion = 10.0.40219.1
Project("{FAE04EC0-301F-11D3-BF4B-00C04F79EFBC}") = "ConsoleApp1", "ConsoleApp1\ConsoleApp1.csproj", "{62632DFE-5BD7-41B7-97CE-9C69B956ACCB}"
EndProject
Project("{FAE04EC0-301F-11D3-BF4B-00C04F79EFBC}") = "ClassLibraryA", "ClassLibraryA\ClassLibraryA.csproj", "{3AD736C0-649A-4E4F-ADDB-11C4B322D2D0}"
EndProject
Project("{FAE04EC0-301F-11D3-BF4B-00C04F79EFBC}") = "ClassLibraryB", "ClassLibraryB\ClassLibraryB.csproj", "{C6DCF010-39A0-447D-BAAA-BF58B1D2452E}"
EndProject
Global
	GlobalSection(SolutionConfigurationPlatforms) = preSolution
		Debug|Any CPU = Debug|Any CPU
		Release|Any CPU = Release|Any CPU
	EndGlobalSection
	GlobalSection(ProjectConfigurationPlatforms) = postSolution
		{62632DFE-5BD7-41B7-97CE-9C69B956ACCB}.Debug|Any CPU.ActiveCfg = Debug|Any CPU
		{62632DFE-5BD7-41B7-97CE-9C69B956ACCB}.Debug|Any CPU.Build.0 = Debug|Any CPU
		{62632DFE-5BD7-41B7-97CE-9C69B956ACCB}.Release|Any CPU.ActiveCfg = Release|Any CPU
		{62632DFE-5BD7-41B7-97CE-9C69B956ACCB}.Release|Any CPU.Build.0 = Release|Any CPU
		{3AD736C0-649A-4E4F-ADDB-11C4B322D2D0}.Debug|Any CPU.ActiveCfg = Debug|Any CPU
		{3AD736C0-649A-4E4F-ADDB-11C4B322D2D0}.Debug|Any CPU.Build.0 = Debug|Any CPU
		{3AD736C0-649A-4E4F-ADDB-11C4B322D2D0}.Release|Any CPU.ActiveCfg = Release|Any CPU
		{3AD736C0-649A-4E4F-ADDB-11C4B322D2D0}.Release|Any CPU.Build.0 = Release|Any CPU
		{C6DCF010-39A0-447D-BAAA-BF58B1D2452E}.Debug|Any CPU.ActiveCfg = Debug|Any CPU
		{C6DCF010-39A0-447D-BAAA-BF58B1D2452E}.Debug|Any CPU.Build.0 = Debug|Any CPU
		{C6DCF010-39A0-447D-BAAA-BF58B1D2452E}.Release|Any CPU.ActiveCfg = Release|Any CPU
		{C6DCF010-39A0-447D-BAAA-BF58B1D2452E}.Release|Any CPU.Build.0 = Release|Any CPU
	EndGlobalSection
	GlobalSection(SolutionProperties) = preSolution
		HideSolutionNode = FALSE
	EndGlobalSection
EndGlobal
